
Microsoft Visual Studio Solution File, Format Version 12.00
# Visual Studio Version 16
VisualStudioVersion = 16.0.32106.194
MinimumVisualStudioVersion = 10.0.40219.1
Project("{F184B08F-C81C-45F6-A57F-5ABD9991F28F}") = "Exe to Vbs", "Exe to Vbs\Exe to Vbs.vbproj", "{22136CBB-D259-4C2B-BFC9-2C9344A9EBA0}"
EndProject
Global
	GlobalSection(SolutionConfigurationPlatforms) = preSolution
		Debug|Any CPU = Debug|Any CPU
		Release|Any CPU = Release|Any CPU
	EndGlobalSection
	GlobalSection(ProjectConfigurationPlatforms) = postSolution
		{22136CBB-D259-4C2B-BFC9-2C9344A9EBA0}.Debug|Any CPU.ActiveCfg = Debug|Any CPU
		{22136CBB-D259-4C2B-BFC9-2C9344A9EBA0}.Debug|Any CPU.Build.0 = Debug|Any CPU
		{22136CBB-D259-4C2B-BFC9-2C9344A9EBA0}.Release|Any CPU.ActiveCfg = Release|Any CPU
		{22136CBB-D259-4C2B-BFC9-2C9344A9EBA0}.Release|Any CPU.Build.0 = Release|Any CPU
	EndGlobalSection
	GlobalSection(SolutionProperties) = preSolution
		HideSolutionNode = FALSE
	EndGlobalSection
	GlobalSection(ExtensibilityGlobals) = postSolution
		SolutionGuid = {5A512E25-5054-48CC-BD9F-2B24C912BB9A}
	EndGlobalSection
EndGlobal
